{
  "name": "scratch",
  "lockfileVersion": 3,
  "requires": true,
  "packages": {
    "": {
      "dependencies": {
        "paper-css": "^0.4.1",
        "papercss": "^1.9.2"
      }
    },
    "node_modules/paper-css": {
      "version": "0.4.1",
      "resolved": "https://registry.npmjs.org/paper-css/-/paper-css-0.4.1.tgz",
      "integrity": "sha512-7gOjG4Hzy/ZGG/+tn8weFtSHWtQvSpkeJpFsH0nLqjXiH50zFyhajHggLEZd0hpCoYBhg5pRH5Lrg9p3EnDl2A=="
    },
    "node_modules/papercss": {
      "version": "1.9.2",
      "resolved": "https://registry.npmjs.org/papercss/-/papercss-1.9.2.tgz",
      "integrity": "sha512-6pOXUbuNgjdufXu4F34BYCXzel0YyB25FS9jWwq38PWEyzcWU3SWUneCHmvM5zUK7omCQ2/VdMXf8hlJC73/mA=="
    }
  }
}
